
Microsoft Visual Studio Solution File, Format Version 12.00
# Visual Studio 2013
VisualStudioVersion = 12.0.21005.1
MinimumVisualStudioVersion = 10.0.40219.1
Project("{FAE04EC0-301F-11D3-BF4B-00C04F79EFBC}") = "ReportApplication", "ReportApplication\ReportApplication.csproj", "{5FFFF775-91F2-4288-8D8C-5DDA9E9D9DD6}"
EndProject
Project("{FAE04EC0-301F-11D3-BF4B-00C04F79EFBC}") = "ReportApplication.DAL", "ReportApplication.DAL\ReportApplication.DAL.csproj", "{61B1AC8A-828D-49A8-A0EC-802F4D7837C6}"
EndProject
Project("{FAE04EC0-301F-11D3-BF4B-00C04F79EFBC}") = "ReportApplication.Model", "ReportApplication.Model\ReportApplication.Model.csproj", "{BB3F1326-FF9B-4337-9894-DBBDFD7CA07D}"
EndProject
Global
	GlobalSection(SolutionConfigurationPlatforms) = preSolution
		Debug|Any CPU = Debug|Any CPU
		Release|Any CPU = Release|Any CPU
	EndGlobalSection
	GlobalSection(ProjectConfigurationPlatforms) = postSolution
		{5FFFF775-91F2-4288-8D8C-5DDA9E9D9DD6}.Debug|Any CPU.ActiveCfg = Debug|Any CPU
		{5FFFF775-91F2-4288-8D8C-5DDA9E9D9DD6}.Debug|Any CPU.Build.0 = Debug|Any CPU
		{5FFFF775-91F2-4288-8D8C-5DDA9E9D9DD6}.Release|Any CPU.ActiveCfg = Release|Any CPU
		{5FFFF775-91F2-4288-8D8C-5DDA9E9D9DD6}.Release|Any CPU.Build.0 = Release|Any CPU
		{61B1AC8A-828D-49A8-A0EC-802F4D7837C6}.Debug|Any CPU.ActiveCfg = Debug|Any CPU
		{61B1AC8A-828D-49A8-A0EC-802F4D7837C6}.Debug|Any CPU.Build.0 = Debug|Any CPU
		{61B1AC8A-828D-49A8-A0EC-802F4D7837C6}.Release|Any CPU.ActiveCfg = Release|Any CPU
		{61B1AC8A-828D-49A8-A0EC-802F4D7837C6}.Release|Any CPU.Build.0 = Release|Any CPU
		{BB3F1326-FF9B-4337-9894-DBBDFD7CA07D}.Debug|Any CPU.ActiveCfg = Debug|Any CPU
		{BB3F1326-FF9B-4337-9894-DBBDFD7CA07D}.Debug|Any CPU.Build.0 = Debug|Any CPU
		{BB3F1326-FF9B-4337-9894-DBBDFD7CA07D}.Release|Any CPU.ActiveCfg = Release|Any CPU
		{BB3F1326-FF9B-4337-9894-DBBDFD7CA07D}.Release|Any CPU.Build.0 = Release|Any CPU
	EndGlobalSection
	GlobalSection(SolutionProperties) = preSolution
		HideSolutionNode = FALSE
	EndGlobalSection
EndGlobal
